<?xml version="1.0" encoding="UTF-8"?>
<Scheme
   LastUpgradeVersion = "0610"
   version = "1.3">
   <BuildAction
      parallelizeBuildables = "YES"
      buildImplicitDependencies = "YES">
      <BuildActionEntries>
         <BuildActionEntry
            buildForTesting = "YES"
            buildForRunning = "YES"
            buildForProfiling = "YES"
            buildForArchiving = "YES"
            buildForAnalyzing = "YES">
            <BuildableReference
               BuildableIdentifier = "primary"
               BlueprintIdentifier = "3771F6B819E414D000B66C36"
               BuildableName = "FOUtilities.framework"
               BlueprintName = "FOUtilities"
               ReferencedContainer = "container:../FOUtilities/FOUtilities.xcodeproj">
            </BuildableReference>
         </BuildActionEntry>
         <BuildActionEntry
            buildForTesting = "YES"
            buildForRunning = "YES"
            buildForProfiling = "YES"
            buildForArchiving = "YES"
            buildForAnalyzing = "YES">
            <BuildableReference
               BuildableIdentifier = "primary"
               BlueprintIdentifier = "37FCF153197F830C004C14C8"
               BuildableName = "IonData.framework"
               BlueprintName = "IonData"
               ReferencedContainer = "container:Ion.xcodeproj">
            </BuildableReference>
         </BuildActionEntry>
         <BuildActionEntry
            buildForTesting = "YES"
            buildForRunning = "YES"
            buildForProfiling = "YES"
            buildForArchiving = "YES"
            buildForAnalyzing = "YES">
            <BuildableReference
               BuildableIdentifier = "primary"
               BlueprintIdentifier = "377A13B519E7FA9000964B61"
               BuildableName = "IonCore.framework"
               BlueprintName = "IonCore"
               ReferencedContainer = "container:../IonCore/IonCore.xcodeproj">
            </BuildableReference>
         </BuildActionEntry>
         <BuildActionEntry
            buildForTesting = "YES"
            buildForRunning = "YES"
            buildForProfiling = "YES"
            buildForArchiving = "YES"
            buildForAnalyzing = "YES">
            <BuildableReference
               BuildableIdentifier = "primary"
               BlueprintIdentifier = "377A139219E7F65000964B61"
               BuildableName = "IonFoundation.framework"
               BlueprintName = "IonFoundation"
               ReferencedContainer = "container:../IonFoundation/IonFoundation.xcodeproj">
            </BuildableReference>
         </BuildActionEntry>
         <BuildActionEntry
            buildForTesting = "YES"
            buildForRunning = "YES"
            buildForProfiling = "YES"
            buildForArchiving = "YES"
            buildForAnalyzing = "YES">
            <BuildableReference
               BuildableIdentifier = "primary"
               BlueprintIdentifier = "37B0068A19E4D6AA0074DC2C"
               BuildableName = "PHData.framework"
               BlueprintName = "PHData"
               ReferencedContainer = "container:../PHData/PHData.xcodeproj">
            </BuildableReference>
         </BuildActionEntry>
         <BuildActionEntry
            buildForTesting = "YES"
            buildForRunning = "YES"
            buildForProfiling = "YES"
            buildForArchiving = "YES"
            buildForAnalyzing = "YES">
            <BuildableReference
               BuildableIdentifier = "primary"
               BlueprintIdentifier = "377A134C19E7F4D300964B61"
               BuildableName = "SimpleAnalytics.framework"
               BlueprintName = "SimpleAnalytics"
               ReferencedContainer = "container:../SimpleAnalytics/SimpleAnalytics.xcodeproj">
            </BuildableReference>
         </BuildActionEntry>
         <BuildActionEntry
            buildForTesting = "YES"
            buildForRunning = "YES"
            buildForProfiling = "YES"
            buildForArchiving = "YES"
            buildForAnalyzing = "YES">
            <BuildableReference
               BuildableIdentifier = "primary"
               BlueprintIdentifier = "377A136F19E7F55C00964B61"
               BuildableName = "SimpleMath.framework"
               BlueprintName = "SimpleMath"
               ReferencedContainer = "container:../SimpleMath/SimpleMath.xcodeproj">
            </BuildableReference>
         </BuildActionEntry>
         <BuildActionEntry
            buildForTesting = "YES"
            buildForRunning = "YES"
            buildForProfiling = "YES"
            buildForArchiving = "YES"
            buildForAnalyzing = "YES">
            <BuildableReference
               BuildableIdentifier = "primary"
               BlueprintIdentifier = "37EBAC72195C9B35008D6BD6"
               BuildableName = "Ion Visual Test.app"
               BlueprintName = "Ion Visual Test"
               ReferencedContainer = "container:Ion.xcodeproj">
            </BuildableReference>
         </BuildActionEntry>
         <BuildActionEntry
            buildForTesting = "YES"
            buildForRunning = "YES"
            buildForProfiling = "YES"
            buildForArchiving = "YES"
            buildForAnalyzing = "YES">
            <BuildableReference
               BuildableIdentifier = "primary"
               BlueprintIdentifier = "370B1A6119E3FB8400D6447C"
               BuildableName = "libIACommunication.a"
               BlueprintName = "IACommunication"
               ReferencedContainer = "container:../IACommunication/IACommunication.xcodeproj">
            </BuildableReference>
         </BuildActionEntry>
      </BuildActionEntries>
   </BuildAction>
   <TestAction
      selectedDebuggerIdentifier = "Xcode.DebuggerFoundation.Debugger.LLDB"
      selectedLauncherIdentifier = "Xcode.DebuggerFoundation.Launcher.LLDB"
      shouldUseLaunchSchemeArgsEnv = "YES"
      buildConfiguration = "Debug">
      <Testables>
         <TestableReference
            skipped = "NO">
            <BuildableReference
               BuildableIdentifier = "primary"
               BlueprintIdentifier = "37EBAC81195C9B35008D6BD6"
               BuildableName = "Ion Visual TestTests.xctest"
               BlueprintName = "Ion Visual TestTests"
               ReferencedContainer = "container:Ion.xcodeproj">
            </BuildableReference>
            <SkippedTests>
               <Test
                  Identifier = "IonFileIOManagerTests">
               </Test>
            </SkippedTests>
         </TestableReference>
      </Testables>
      <MacroExpansion>
         <BuildableReference
            BuildableIdentifier = "primary"
            BlueprintIdentifier = "37EBAC72195C9B35008D6BD6"
            BuildableName = "Ion Visual Test.app"
            BlueprintName = "Ion Visual Test"
            ReferencedContainer = "container:Ion.xcodeproj">
         </BuildableReference>
      </MacroExpansion>
   </TestAction>
   <LaunchAction
      selectedDebuggerIdentifier = "Xcode.DebuggerFoundation.Debugger.LLDB"
      selectedLauncherIdentifier = "Xcode.DebuggerFoundation.Launcher.LLDB"
      launchStyle = "0"
      useCustomWorkingDirectory = "NO"
      buildConfiguration = "Debug"
      ignoresPersistentStateOnLaunch = "NO"
      debugDocumentVersioning = "YES"
      allowLocationSimulation = "YES">
      <BuildableProductRunnable>
         <BuildableReference
            BuildableIdentifier = "primary"
            BlueprintIdentifier = "37EBAC72195C9B35008D6BD6"
            BuildableName = "Ion Visual Test.app"
            BlueprintName = "Ion Visual Test"
            ReferencedContainer = "container:Ion.xcodeproj">
         </BuildableReference>
      </BuildableProductRunnable>
      <EnvironmentVariables>
         <EnvironmentVariable
            key = "DebugIonTheme"
            value = "FALSE"
            isEnabled = "YES">
         </EnvironmentVariable>
         <EnvironmentVariable
            key = "DebugIonThemeEmpty"
            value = "FALSE"
            isEnabled = "YES">
         </EnvironmentVariable>
      </EnvironmentVariables>
      <AdditionalOptions>
      </AdditionalOptions>
   </LaunchAction>
   <ProfileAction
      shouldUseLaunchSchemeArgsEnv = "YES"
      savedToolIdentifier = ""
      useCustomWorkingDirectory = "NO"
      buildConfiguration = "Release"
      debugDocumentVersioning = "YES">
      <BuildableProductRunnable>
         <BuildableReference
            BuildableIdentifier = "primary"
            BlueprintIdentifier = "37EBAC72195C9B35008D6BD6"
            BuildableName = "Ion Visual Test.app"
            BlueprintName = "Ion Visual Test"
            ReferencedContainer = "container:Ion.xcodeproj">
         </BuildableReference>
      </BuildableProductRunnable>
   </ProfileAction>
   <AnalyzeAction
      buildConfiguration = "Debug">
   </AnalyzeAction>
   <ArchiveAction
      buildConfiguration = "Release"
      revealArchiveInOrganizer = "YES">
   </ArchiveAction>
</Scheme>
